
Microsoft Visual Studio Solution File, Format Version 12.00
# Visual Studio 15
VisualStudioVersion = 15.0.28010.2026
MinimumVisualStudioVersion = 10.0.40219.1
Project("{FAE04EC0-301F-11D3-BF4B-00C04F79EFBC}") = "Contractify_API", "Contractify_API\Contractify_API.csproj", "{46485DC9-8444-4D39-BD01-B02C50CB8C8C}"
EndProject
Global
	GlobalSection(SolutionConfigurationPlatforms) = preSolution
		Debug|Any CPU = Debug|Any CPU
		Release|Any CPU = Release|Any CPU
	EndGlobalSection
	GlobalSection(ProjectConfigurationPlatforms) = postSolution
		{46485DC9-8444-4D39-BD01-B02C50CB8C8C}.Debug|Any CPU.ActiveCfg = Debug|Any CPU
		{46485DC9-8444-4D39-BD01-B02C50CB8C8C}.Debug|Any CPU.Build.0 = Debug|Any CPU
		{46485DC9-8444-4D39-BD01-B02C50CB8C8C}.Release|Any CPU.ActiveCfg = Release|Any CPU
		{46485DC9-8444-4D39-BD01-B02C50CB8C8C}.Release|Any CPU.Build.0 = Release|Any CPU
	EndGlobalSection
	GlobalSection(SolutionProperties) = preSolution
		HideSolutionNode = FALSE
	EndGlobalSection
	GlobalSection(ExtensibilityGlobals) = postSolution
		SolutionGuid = {98D66110-F24B-4773-88B7-21920F4D0CD7}
	EndGlobalSection
EndGlobal
